PODS:
  - fluid-slider (1.1.0):
    - pop
  - LINEActivity (0.2.0)
  - paper-onboarding (6.1.3)
  - pop (1.0.12)
  - RAMReel (4.1.0)
  - Realm (3.14.2):
    - Realm/Headers (= 3.14.2)
  - Realm/Headers (3.14.2)
  - RealmSwift (3.14.2):
    - Realm (= 3.14.2)
  - Toast-Swift (5.0.0)
  - UICircularProgressRing (6.1.0)

DEPENDENCIES:
  - fluid-slider
  - LINEActivity
  - paper-onboarding
  - RAMReel
  - RealmSwift
  - Toast-Swift
  - UICircularProgressRing

SPEC REPOS:
  https://github.com/cocoapods/specs.git:
    - fluid-slider
    - LINEActivity
    - paper-onboarding
    - pop
    - RAMReel
    - Realm
    - RealmSwift
    - Toast-Swift
    - UICircularProgressRing

SPEC CHECKSUMS:
  fluid-slider: 68037ac7247f16a89f3e24ff5d0167c8eea6f50b
  LINEActivity: 3cf844b075bc7f8338ea86b41bd46acd5ec934d8
  paper-onboarding: 47ded9ede6ae9dd7ec135dddd8bd3e170b79d799
  pop: d582054913807fd11fd50bfe6a539d91c7e1a55a
  RAMReel: 198e41f62d65f54c44797679ade03b4a1cef9709
  Realm: 179c6706e3a49dbfe112e572fd3c03d3169bea35
  RealmSwift: 1797f272fb51c555b764fada32e82159a2c65247
  Toast-Swift: 36f4720243c8582c2be243a60a51e193c761f541
  UICircularProgressRing: b3eba859a515e4d9d38503eec913f09c28450785

PODFILE CHECKSUM: bfcc36fbda3b1b4100819a359f693fb89c674192

COCOAPODS: 1.7.1
